{
  "lockfileVersion": 3,
  "name": "vpn-web-app",
  "version": "1.0.0",
  "requires": true,
  "packages": {
    "": {
      "name": "vpn-web-app",
      "version": "1.0.0",
      "dependencies": {
        "react": "^18.2.0",
        "react-dom": "^18.2.0",
        "@tanstack/react-router": "^1.28.0"
      },
      "devDependencies": {
        "@types/react": "^18.2.0",
        "@types/react-dom": "^18.2.0",
        "@types/node": "^20.0.0",
        "typescript": "^5.2.0",
        "vite": "^4.4.0",
        "@vitejs/plugin-react": "^4.0.0",
        "eslint": "^8.50.0",
        "@typescript-eslint/eslint-plugin": "^6.0.0",
        "tailwindcss": "^3.3.0",
        "postcss": "^8.4.0",
        "autoprefixer": "^10.4.0"
      }
    },
    "node_modules/react": {
      "version": "18.2.0",
      "resolved": "https://registry.npmjs.org/react/-/react-18.2.0.tgz",
      "integrity": "sha512-uWgKwvWntLu7Spv2BYYytI+L4Ud5+HJzaUtalua4O+e58mkpDKwGihaADnVl/7DHb5/+R+aQJ7nB3nWAqJ+yw=="
    },
    "node_modules/react-dom": {
      "version": "18.2.0",
      "resolved": "https://registry.npmjs.org/react-dom/-/react-dom-18.2.0.tgz",
      "integrity": "sha512-6IMTriUmvsjHUjNtEDudZfuEQy02Pi9gLeCa5WXXU9RdKM+glUsiMac6g7vLAu7aoe4M/ESuGmqSGbOMPuLUpQ=="
    },
    "node_modules/@tanstack/react-router": {
      "version": "1.28.0",
      "resolved": "https://registry.npmjs.org/@tanstack/react-router/-/react-router-1.28.0.tgz",
      "integrity": "sha512-MKpIKp8jGGKf+G/+KKqZMIaEVRrh3nFxVbDnXR5s6K2V5a1h0EHkppBZdZ6VwJVMzNdDkKkrIXSKIoLqQjryw=="
    },
    "node_modules/@types/react": {
      "version": "18.2.0",
      "resolved": "https://registry.npmjs.org/@types/react/-/react-18.2.0.tgz",
      "integrity": "sha512-2chtPUPsY2A6awF6CYyJ+DpASgVwKFKhWxfHRz0cxC8kHsC3jcJ2mKYPE3y0j+dOjv7sYbqEI3wNKW4Wa1PjA=="
    },
    "node_modules/@types/react-dom": {
      "version": "18.2.0",
      "resolved": "https://registry.npmjs.org/@types/react-dom/-/react-dom-18.2.0.tgz",
      "integrity": "sha512-1S6spcYo1mXWjCr7pNF9F0OyNHrDZVwFMddVcuX+bvjr8fP8Y4YXIJXUVNj6FbwRJ8JIWTwXvMrWYYRUpHa6bQ=="
    },
    "node_modules/@types/node": {
      "version": "20.0.0",
      "resolved": "https://registry.npmjs.org/@types/node/-/node-20.0.0.tgz",
      "integrity": "sha512-tJJLbP+HWQqI5Pc8kPHCXdYGbFMzZpAG9eCpQqBBmm1Tc8zG0p8sYOZwKZ+s8WVT6FbSr9FvE1kLwFQKjBvGw=="
    },
    "node_modules/typescript": {
      "version": "5.2.0",
      "resolved": "https://registry.npmjs.org/typescript/-/typescript-5.2.0.tgz",
      "integrity": "sha512-4mIkKh3m46rJSCqx5D7vDsEV+cjXVEI3KNhQZNRkIVDpbKWfzLsQyAHfM6P34p/bvJ7cPb/pSzRWNp6f1TwW+A=="
    },
    "node_modules/vite": {
      "version": "4.4.0",
      "resolved": "https://registry.npmjs.org/vite/-/vite-4.4.0.tgz",
      "integrity": "sha512-mBPb40yB7PLW8lEBuLMxuW0YQn3m1g4Ci9xc4x4k7VRrDKf2wfJxOz+FPYEfYNXcgIl4N/8KfUYgKKO0DW3dw=="
    },
    "node_modules/@vitejs/plugin-react": {
      "version": "4.0.0",
      "resolved": "https://registry.npmjs.org/@vitejs/plugin-react/-/plugin-react-4.0.0.tgz",
      "integrity": "sha512-HU9dJX9Y0BRbhV1L3YHO9z0BaVxGJ7vD0Ds5nNLJaJCklsoSH2T6F7qYPAG5WLDpvPdFZvNRJnwMvFqNE+YhQ=="
    },
    "node_modules/eslint": {
      "version": "8.50.0",
      "resolved": "https://registry.npmjs.org/eslint/-/eslint-8.50.0.tgz",
      "integrity": "sha512-FOnOGSuIHfvDualOvUV/SPgpiXfVDp89mMJW0vNyF5u9k5l3t4dDdXAR/DhYuWl8tIx+WrWjFaVAXS7eNeLHw=="
    },
    "node_modules/@typescript-eslint/eslint-plugin": {
      "version": "6.0.0",
      "resolved": "https://registry.npmjs.org/@typescript-eslint/eslint-plugin/-/eslint-plugin-6.0.0.tgz",
      "integrity": "sha512-4qNy1pMRbVJLvvCKQG+JlWz1E/6b3gvlSBjfYFJqhT3L+8rN8oLpb8DM1dKrqY0AqP1E6x6LVWxwZRVDFNL/A=="
    },
    "node_modules/tailwindcss": {
      "version": "3.3.0",
      "resolved": "https://registry.npmjs.org/tailwindcss/-/tailwindcss-3.3.0.tgz",
      "integrity": "sha512-0D8BcaZC2z0S5VNYxNGCbKU0Y+M+zCg2u3rI+2mVke5E5lTVSU33raBfeuMuBhRd/e8yMpn9HfYvXPcFyVmUw=="
    },
    "node_modules/postcss": {
      "version": "8.4.0",
      "resolved": "https://registry.npmjs.org/postcss/-/postcss-8.4.0.tgz",
      "integrity": "sha512-E8ZeCWfzHAJ5CIByoHPDogdCgcbx3FtoVLABWTbIh0IXTXzFNxoxAczoWJMYU8xQk/Z1XVhecS+yKPstgE1og=="
    },
    "node_modules/autoprefixer": {
      "version": "10.4.0",
      "resolved": "https://registry.npmjs.org/autoprefixer/-/autoprefixer-10.4.0.tgz",
      "integrity": "sha512-4zR5DqFI8yJlJ0qJkRb+BpKKf6CVmON47R3GGp3gFAiqRB8ufJFwQwLdIQHSAq0F3OKyFpDLJ8XbHhQVrjEGAA=="
    }
  }
}
